# This file is automatically @generated by Cargo.
# It is not intended for manual editing.
[[package]]
name = "kern"
version = "0.3.0"
source = "registry+https://github.com/rust-lang/crates.io-index"

[[package]]
name = "secpass"
version = "0.1.0"
dependencies = [
 "kern 0.3.0 (registry+https://github.com/rust-lang/crates.io-index)",
]

[metadata]
"checksum kern 0.3.0 (registry+https://github.com/rust-lang/crates.io-index)" = "0029fefdf40efa2457c88b127ec82904d1fc82b7514e37725553fd78499b8435"
